
Microsoft Visual Studio Solution File, Format Version 12.00
# Visual Studio Version 16
VisualStudioVersion = 16.0.29911.84
MinimumVisualStudioVersion = 10.0.40219.1
Project("{8BC9CEB8-8B4A-11D0-8D11-00A0C91BC942}") = "detours", "detours\detours.vcxproj", "{E00F966E-FF4A-4451-98A0-F193FD23336E}"
EndProject
Project("{8BC9CEB8-8B4A-11D0-8D11-00A0C91BC942}") = "renderer", "renderer\renderer.vcxproj", "{98040698-4306-4D5C-BE26-8C309DD2E938}"
EndProject
Project("{8BC9CEB8-8B4A-11D0-8D11-00A0C91BC942}") = "inject", "inject\inject.vcxproj", "{40C101D2-80D4-4222-AE0E-1B8C9DB862B8}"
EndProject
Project("{8BC9CEB8-8B4A-11D0-8D11-00A0C91BC942}") = "base", "base\base.vcxproj", "{0FE8F927-740C-443C-8548-87EDB23F9374}"
EndProject
Project("{8BC9CEB8-8B4A-11D0-8D11-00A0C91BC942}") = "glad", "glad\glad.vcxproj", "{3C333F61-FFB8-41B1-90C5-83EFF3CCC071}"
EndProject
Project("{8BC9CEB8-8B4A-11D0-8D11-00A0C91BC942}") = "glutil", "glutil\glutil.vcxproj", "{62102508-42AC-470C-8FAD-BD866428CCE9}"
EndProject
Project("{8BC9CEB8-8B4A-11D0-8D11-00A0C91BC942}") = "math", "math\math.vcxproj", "{042BFC1F-0B4F-4B7B-BBBC-7660D120079E}"
EndProject
Project("{8BC9CEB8-8B4A-11D0-8D11-00A0C91BC942}") = "common", "common\common.vcxproj", "{C6E800D6-4643-4719-B8CB-3365D226C42D}"
EndProject
Project("{8BC9CEB8-8B4A-11D0-8D11-00A0C91BC942}") = "program", "program\program.vcxproj", "{E156D534-4673-48A7-B12A-D81D4E4FE41D}"
EndProject
Project("{8BC9CEB8-8B4A-11D0-8D11-00A0C91BC942}") = "compile", "compile\compile.vcxproj", "{8DA8BA14-293C-4C76-B6EA-617374961F03}"
EndProject
Project("{FAE04EC0-301F-11D3-BF4B-00C04F79EFBC}") = "config", "config\config.csproj", "{B939FD08-B539-4011-AE5A-8C8729ACC8BD}"
EndProject
Global
	GlobalSection(SolutionConfigurationPlatforms) = preSolution
		Debug|x86 = Debug|x86
		Release|x86 = Release|x86
	EndGlobalSection
	GlobalSection(ProjectConfigurationPlatforms) = postSolution
		{E00F966E-FF4A-4451-98A0-F193FD23336E}.Debug|x86.ActiveCfg = Debug|Win32
		{E00F966E-FF4A-4451-98A0-F193FD23336E}.Debug|x86.Build.0 = Debug|Win32
		{E00F966E-FF4A-4451-98A0-F193FD23336E}.Release|x86.ActiveCfg = Release|Win32
		{E00F966E-FF4A-4451-98A0-F193FD23336E}.Release|x86.Build.0 = Release|Win32
		{98040698-4306-4D5C-BE26-8C309DD2E938}.Debug|x86.ActiveCfg = Debug|Win32
		{98040698-4306-4D5C-BE26-8C309DD2E938}.Debug|x86.Build.0 = Debug|Win32
		{98040698-4306-4D5C-BE26-8C309DD2E938}.Release|x86.ActiveCfg = Release|Win32
		{98040698-4306-4D5C-BE26-8C309DD2E938}.Release|x86.Build.0 = Release|Win32
		{40C101D2-80D4-4222-AE0E-1B8C9DB862B8}.Debug|x86.ActiveCfg = Debug|Win32
		{40C101D2-80D4-4222-AE0E-1B8C9DB862B8}.Debug|x86.Build.0 = Debug|Win32
		{40C101D2-80D4-4222-AE0E-1B8C9DB862B8}.Release|x86.ActiveCfg = Release|Win32
		{40C101D2-80D4-4222-AE0E-1B8C9DB862B8}.Release|x86.Build.0 = Release|Win32
		{0FE8F927-740C-443C-8548-87EDB23F9374}.Debug|x86.ActiveCfg = Debug|Win32
		{0FE8F927-740C-443C-8548-87EDB23F9374}.Debug|x86.Build.0 = Debug|Win32
		{0FE8F927-740C-443C-8548-87EDB23F9374}.Release|x86.ActiveCfg = Release|Win32
		{0FE8F927-740C-443C-8548-87EDB23F9374}.Release|x86.Build.0 = Release|Win32
		{3C333F61-FFB8-41B1-90C5-83EFF3CCC071}.Debug|x86.ActiveCfg = Debug|Win32
		{3C333F61-FFB8-41B1-90C5-83EFF3CCC071}.Debug|x86.Build.0 = Debug|Win32
		{3C333F61-FFB8-41B1-90C5-83EFF3CCC071}.Release|x86.ActiveCfg = Release|Win32
		{3C333F61-FFB8-41B1-90C5-83EFF3CCC071}.Release|x86.Build.0 = Release|Win32
		{62102508-42AC-470C-8FAD-BD866428CCE9}.Debug|x86.ActiveCfg = Debug|Win32
		{62102508-42AC-470C-8FAD-BD866428CCE9}.Debug|x86.Build.0 = Debug|Win32
		{62102508-42AC-470C-8FAD-BD866428CCE9}.Release|x86.ActiveCfg = Release|Win32
		{62102508-42AC-470C-8FAD-BD866428CCE9}.Release|x86.Build.0 = Release|Win32
		{042BFC1F-0B4F-4B7B-BBBC-7660D120079E}.Debug|x86.ActiveCfg = Debug|Win32
		{042BFC1F-0B4F-4B7B-BBBC-7660D120079E}.Debug|x86.Build.0 = Debug|Win32
		{042BFC1F-0B4F-4B7B-BBBC-7660D120079E}.Release|x86.ActiveCfg = Release|Win32
		{042BFC1F-0B4F-4B7B-BBBC-7660D120079E}.Release|x86.Build.0 = Release|Win32
		{C6E800D6-4643-4719-B8CB-3365D226C42D}.Debug|x86.ActiveCfg = Debug|Win32
		{C6E800D6-4643-4719-B8CB-3365D226C42D}.Debug|x86.Build.0 = Debug|Win32
		{C6E800D6-4643-4719-B8CB-3365D226C42D}.Release|x86.ActiveCfg = Release|Win32
		{C6E800D6-4643-4719-B8CB-3365D226C42D}.Release|x86.Build.0 = Release|Win32
		{E156D534-4673-48A7-B12A-D81D4E4FE41D}.Debug|x86.ActiveCfg = Debug|Win32
		{E156D534-4673-48A7-B12A-D81D4E4FE41D}.Debug|x86.Build.0 = Debug|Win32
		{E156D534-4673-48A7-B12A-D81D4E4FE41D}.Release|x86.ActiveCfg = Release|Win32
		{E156D534-4673-48A7-B12A-D81D4E4FE41D}.Release|x86.Build.0 = Release|Win32
		{8DA8BA14-293C-4C76-B6EA-617374961F03}.Debug|x86.ActiveCfg = Debug|Win32
		{8DA8BA14-293C-4C76-B6EA-617374961F03}.Debug|x86.Build.0 = Debug|Win32
		{8DA8BA14-293C-4C76-B6EA-617374961F03}.Release|x86.ActiveCfg = Release|Win32
		{8DA8BA14-293C-4C76-B6EA-617374961F03}.Release|x86.Build.0 = Release|Win32
		{B939FD08-B539-4011-AE5A-8C8729ACC8BD}.Debug|x86.ActiveCfg = Debug|Any CPU
		{B939FD08-B539-4011-AE5A-8C8729ACC8BD}.Debug|x86.Build.0 = Debug|Any CPU
		{B939FD08-B539-4011-AE5A-8C8729ACC8BD}.Release|x86.ActiveCfg = Release|Any CPU
		{B939FD08-B539-4011-AE5A-8C8729ACC8BD}.Release|x86.Build.0 = Release|Any CPU
	EndGlobalSection
	GlobalSection(SolutionProperties) = preSolution
		HideSolutionNode = FALSE
	EndGlobalSection
	GlobalSection(ExtensibilityGlobals) = postSolution
		SolutionGuid = {79AAB106-7B2C-4A1A-85DA-C51AB981A5FD}
	EndGlobalSection
EndGlobal
