<?xml version="1.0" encoding="utf-8"?>
<Project ToolsVersion="4.0" xmlns="http://schemas.microsoft.com/developer/msbuild/2003">
  <ItemGroup>
    <Filter Include="Source Files">
      <UniqueIdentifier>{4FC737F1-C7A5-4376-A066-2A32D752A2FF}</UniqueIdentifier>
      <Extensions>cpp;c;cc;cxx;def;odl;idl;hpj;bat;asm;asmx</Extensions>
    </Filter>
    <Filter Include="Header Files">
      <UniqueIdentifier>{93995380-89BD-4b04-88EB-625FBE52EBFB}</UniqueIdentifier>
      <Extensions>h;hh;hpp;hxx;hm;inl;inc;ipp;xsd</Extensions>
    </Filter>
    <Filter Include="Resource Files">
      <UniqueIdentifier>{67DA6AB6-F800-4c08-8B7A-83BB121AAD01}</UniqueIdentifier>
      <Extensions>rc;ico;cur;bmp;dlg;rc2;rct;bin;rgs;gif;jpg;jpeg;jpe;resx;tiff;tif;png;wav;mfcribbon-ms</Extensions>
    </Filter>
  </ItemGroup>
  <ItemGroup>
    <ClCompile Include="diagnostic_context_location.cpp">
      <Filter>Source Files</Filter>
    </ClCompile>
    <ClCompile Include="log.cpp">
      <Filter>Source Files</Filter>
    </ClCompile>
    <ClCompile Include="log_frontend.cpp">
      <Filter>Source Files</Filter>
    </ClCompile>
    <ClCompile Include="log_midend.cpp">
      <Filter>Source Files</Filter>
    </ClCompile>
    <ClCompile Include="diagnostic_context.cpp">
      <Filter>Source Files</Filter>
    </ClCompile>
    <ClCompile Include="local.cpp">
      <Filter>Source Files</Filter>
    </ClCompile>
    <ClCompile Include="global.cpp">
      <Filter>Source Files</Filter>
    </ClCompile>
    <ClCompile Include="log_level.cpp">
      <Filter>Source Files</Filter>
    </ClCompile>
    <ClCompile Include="format_base.cpp">
      <Filter>Source Files</Filter>
    </ClCompile>
    <ClCompile Include="file_log_backend.cpp">
      <Filter>Source Files</Filter>
    </ClCompile>
    <ClCompile Include="output_stream.cpp">
      <Filter>Source Files</Filter>
    </ClCompile>
    <ClCompile Include="fd_output_stream.cpp">
      <Filter>Source Files</Filter>
    </ClCompile>
    <ClCompile Include="win32.cpp">
      <Filter>Source Files</Filter>
    </ClCompile>
    <ClCompile Include="system_string.cpp">
      <Filter>Source Files</Filter>
    </ClCompile>
    <ClCompile Include="pipe.cpp">
      <Filter>Source Files</Filter>
    </ClCompile>
    <ClCompile Include="env.cpp">
      <Filter>Source Files</Filter>
    </ClCompile>
    <ClCompile Include="default_logger.cpp">
      <Filter>Source Files</Filter>
    </ClCompile>
    <ClCompile Include="file_block.cpp">
      <Filter>Source Files</Filter>
    </ClCompile>
    <ClCompile Include="file_stream.cpp">
      <Filter>Source Files</Filter>
    </ClCompile>
    <ClCompile Include="input_stream.cpp">
      <Filter>Source Files</Filter>
    </ClCompile>
    <ClCompile Include="memory_block.cpp">
      <Filter>Source Files</Filter>
    </ClCompile>
    <ClCompile Include="md5.cpp">
      <Filter>Source Files</Filter>
    </ClCompile>
    <ClCompile Include="string_search.cpp">
      <Filter>Source Files</Filter>
    </ClCompile>
    <ClCompile Include="char.cpp">
      <Filter>Source Files</Filter>
    </ClCompile>
    <ClCompile Include="std_output_log_backend.cpp">
      <Filter>Source Files</Filter>
    </ClCompile>
    <ClCompile Include="std_output_stream.cpp">
      <Filter>Source Files</Filter>
    </ClCompile>
    <ClCompile Include="std_input_stream.cpp">
      <Filter>Source Files</Filter>
    </ClCompile>
    <ClCompile Include="fd_input_stream.cpp">
      <Filter>Source Files</Filter>
    </ClCompile>
  </ItemGroup>
  <ItemGroup>
    <ClInclude Include="diagnostic_context_location.hpp">
      <Filter>Header Files</Filter>
    </ClInclude>
    <ClInclude Include="log.hpp">
      <Filter>Header Files</Filter>
    </ClInclude>
    <ClInclude Include="log_backend.hpp">
      <Filter>Header Files</Filter>
    </ClInclude>
    <ClInclude Include="log_frontend.hpp">
      <Filter>Header Files</Filter>
    </ClInclude>
    <ClInclude Include="log_midend.hpp">
      <Filter>Header Files</Filter>
    </ClInclude>
    <ClInclude Include="diagnostic_context.hpp">
      <Filter>Header Files</Filter>
    </ClInclude>
    <ClInclude Include="global.hpp">
      <Filter>Header Files</Filter>
    </ClInclude>
    <ClInclude Include="local.hpp">
      <Filter>Header Files</Filter>
    </ClInclude>
    <ClInclude Include="log_level.hpp">
      <Filter>Header Files</Filter>
    </ClInclude>
    <ClInclude Include="flag_set.hpp">
      <Filter>Header Files</Filter>
    </ClInclude>
    <ClInclude Include="format_base.hpp">
      <Filter>Header Files</Filter>
    </ClInclude>
    <ClInclude Include="format_numeric.hpp">
      <Filter>Header Files</Filter>
    </ClInclude>
    <ClInclude Include="format.hpp">
      <Filter>Header Files</Filter>
    </ClInclude>
    <ClInclude Include="file_log_backend.hpp">
      <Filter>Header Files</Filter>
    </ClInclude>
    <ClInclude Include="filesystem.hpp">
      <Filter>Header Files</Filter>
    </ClInclude>
    <ClInclude Include="output_stream.hpp">
      <Filter>Header Files</Filter>
    </ClInclude>
    <ClInclude Include="span.hpp">
      <Filter>Header Files</Filter>
    </ClInclude>
    <ClInclude Include="narrow.hpp">
      <Filter>Header Files</Filter>
    </ClInclude>
    <ClInclude Include="fd_output_stream.hpp">
      <Filter>Header Files</Filter>
    </ClInclude>
    <ClInclude Include="win32.hpp">
      <Filter>Header Files</Filter>
    </ClInclude>
    <ClInclude Include="id.hpp">
      <Filter>Header Files</Filter>
    </ClInclude>
    <ClInclude Include="uid.hpp">
      <Filter>Header Files</Filter>
    </ClInclude>
    <ClInclude Include="unique_handle.hpp">
      <Filter>Header Files</Filter>
    </ClInclude>
    <ClInclude Include="cstring_view.hpp">
      <Filter>Header Files</Filter>
    </ClInclude>
    <ClInclude Include="system_string.hpp">
      <Filter>Header Files</Filter>
    </ClInclude>
    <ClInclude Include="tagged.hpp">
      <Filter>Header Files</Filter>
    </ClInclude>
    <ClInclude Include="build_traits.hpp">
      <Filter>Header Files</Filter>
    </ClInclude>
    <ClInclude Include="pipe.hpp">
      <Filter>Header Files</Filter>
    </ClInclude>
    <ClInclude Include="env.hpp">
      <Filter>Header Files</Filter>
    </ClInclude>
    <ClInclude Include="default_logger.hpp">
      <Filter>Header Files</Filter>
    </ClInclude>
    <ClInclude Include="memory_block.hpp">
      <Filter>Header Files</Filter>
    </ClInclude>
    <ClInclude Include="output_block.hpp">
      <Filter>Header Files</Filter>
    </ClInclude>
    <ClInclude Include="file_block.hpp">
      <Filter>Header Files</Filter>
    </ClInclude>
    <ClInclude Include="file_stream.hpp">
      <Filter>Header Files</Filter>
    </ClInclude>
    <ClInclude Include="input_block.hpp">
      <Filter>Header Files</Filter>
    </ClInclude>
    <ClInclude Include="input_stream.hpp">
      <Filter>Header Files</Filter>
    </ClInclude>
    <ClInclude Include="buffered_output_stream.hpp">
      <Filter>Header Files</Filter>
    </ClInclude>
    <ClInclude Include="buffered_input_stream.hpp">
      <Filter>Header Files</Filter>
    </ClInclude>
    <ClInclude Include="constants.hpp">
      <Filter>Header Files</Filter>
    </ClInclude>
    <ClInclude Include="md5.hpp">
      <Filter>Header Files</Filter>
    </ClInclude>
    <ClInclude Include="hash_combine.hpp">
      <Filter>Header Files</Filter>
    </ClInclude>
    <ClInclude Include="lexical_cast.hpp">
      <Filter>Header Files</Filter>
    </ClInclude>
    <ClInclude Include="string_search.hpp">
      <Filter>Header Files</Filter>
    </ClInclude>
    <ClInclude Include="char.hpp">
      <Filter>Header Files</Filter>
    </ClInclude>
    <ClInclude Include="oxford_join.hpp">
      <Filter>Header Files</Filter>
    </ClInclude>
    <ClInclude Include="runtime_assert.hpp">
      <Filter>Header Files</Filter>
    </ClInclude>
    <ClInclude Include="range.hpp">
      <Filter>Header Files</Filter>
    </ClInclude>
    <ClInclude Include="std_output_log_backend.hpp">
      <Filter>Header Files</Filter>
    </ClInclude>
    <ClInclude Include="std_output_stream.hpp">
      <Filter>Header Files</Filter>
    </ClInclude>
    <ClInclude Include="std_input_stream.hpp">
      <Filter>Header Files</Filter>
    </ClInclude>
    <ClInclude Include="fd_input_stream.hpp">
      <Filter>Header Files</Filter>
    </ClInclude>
  </ItemGroup>
</Project>