<?xml version="1.0" encoding="utf-8"?>
<Project ToolsVersion="4.0" xmlns="http://schemas.microsoft.com/developer/msbuild/2003">
  <ItemGroup>
    <Filter Include="Source Files">
      <UniqueIdentifier>{4FC737F1-C7A5-4376-A066-2A32D752A2FF}</UniqueIdentifier>
      <Extensions>cpp;c;cc;cxx;def;odl;idl;hpj;bat;asm;asmx</Extensions>
    </Filter>
    <Filter Include="Header Files">
      <UniqueIdentifier>{93995380-89BD-4b04-88EB-625FBE52EBFB}</UniqueIdentifier>
      <Extensions>h;hh;hpp;hxx;hm;inl;inc;ipp;xsd</Extensions>
    </Filter>
    <Filter Include="Resource Files">
      <UniqueIdentifier>{67DA6AB6-F800-4c08-8B7A-83BB121AAD01}</UniqueIdentifier>
      <Extensions>rc;ico;cur;bmp;dlg;rc2;rct;bin;rgs;gif;jpg;jpeg;jpe;resx;tiff;tif;png;wav;mfcribbon-ms</Extensions>
    </Filter>
  </ItemGroup>
  <ItemGroup>
    <ClCompile Include="mutual_exclusion.cpp">
      <Filter>Source Files</Filter>
    </ClCompile>
    <ClCompile Include="option_constraint.cpp">
      <Filter>Source Files</Filter>
    </ClCompile>
    <ClCompile Include="options.cpp">
      <Filter>Source Files</Filter>
    </ClCompile>
    <ClCompile Include="program.cpp">
      <Filter>Source Files</Filter>
    </ClCompile>
    <ClCompile Include="abstract_argument_queue.cpp">
      <Filter>Source Files</Filter>
    </ClCompile>
    <ClCompile Include="abstract_bare_option.cpp">
      <Filter>Source Files</Filter>
    </ClCompile>
    <ClCompile Include="abstract_option.cpp">
      <Filter>Source Files</Filter>
    </ClCompile>
    <ClCompile Include="at_least_one_input.cpp">
      <Filter>Source Files</Filter>
    </ClCompile>
    <ClCompile Include="dependent_option.cpp">
      <Filter>Source Files</Filter>
    </ClCompile>
    <ClCompile Include="switch_option.cpp">
      <Filter>Source Files</Filter>
    </ClCompile>
    <ClCompile Include="required_option.cpp">
      <Filter>Source Files</Filter>
    </ClCompile>
  </ItemGroup>
  <ItemGroup>
    <ClInclude Include="mutual_exclusion.hpp">
      <Filter>Header Files</Filter>
    </ClInclude>
    <ClInclude Include="option_constraint.hpp">
      <Filter>Header Files</Filter>
    </ClInclude>
    <ClInclude Include="options.hpp">
      <Filter>Header Files</Filter>
    </ClInclude>
    <ClInclude Include="program.hpp">
      <Filter>Header Files</Filter>
    </ClInclude>
    <ClInclude Include="abstract_argument_queue.hpp">
      <Filter>Header Files</Filter>
    </ClInclude>
    <ClInclude Include="abstract_bare_option.hpp">
      <Filter>Header Files</Filter>
    </ClInclude>
    <ClInclude Include="abstract_option.hpp">
      <Filter>Header Files</Filter>
    </ClInclude>
    <ClInclude Include="at_least_one_input.hpp">
      <Filter>Header Files</Filter>
    </ClInclude>
    <ClInclude Include="bare_multi_value_option.hpp">
      <Filter>Header Files</Filter>
    </ClInclude>
    <ClInclude Include="dependent_option.hpp">
      <Filter>Header Files</Filter>
    </ClInclude>
    <ClInclude Include="multi_value_option.hpp">
      <Filter>Header Files</Filter>
    </ClInclude>
    <ClInclude Include="switch_option.hpp">
      <Filter>Header Files</Filter>
    </ClInclude>
    <ClInclude Include="value_option.hpp">
      <Filter>Header Files</Filter>
    </ClInclude>
    <ClInclude Include="range_argument_queue.hpp">
      <Filter>Header Files</Filter>
    </ClInclude>
    <ClInclude Include="required_option.hpp">
      <Filter>Header Files</Filter>
    </ClInclude>
  </ItemGroup>
</Project>